
Microsoft Visual Studio Solution File, Format Version 12.00
# Visual Studio Version 16
VisualStudioVersion = 16.0.31005.135
MinimumVisualStudioVersion = 10.0.40219.1
Project("{FAE04EC0-301F-11D3-BF4B-00C04F79EFBC}") = "CoreAndFood", "CoreAndFood\CoreAndFood.csproj", "{373F4A22-28E7-4D21-9086-0719E3B6F1AA}"
EndProject
Global
	GlobalSection(SolutionConfigurationPlatforms) = preSolution
		Debug|Any CPU = Debug|Any CPU
		Release|Any CPU = Release|Any CPU
	EndGlobalSection
	GlobalSection(ProjectConfigurationPlatforms) = postSolution
		{373F4A22-28E7-4D21-9086-0719E3B6F1AA}.Debug|Any CPU.ActiveCfg = Debug|Any CPU
		{373F4A22-28E7-4D21-9086-0719E3B6F1AA}.Debug|Any CPU.Build.0 = Debug|Any CPU
		{373F4A22-28E7-4D21-9086-0719E3B6F1AA}.Release|Any CPU.ActiveCfg = Release|Any CPU
		{373F4A22-28E7-4D21-9086-0719E3B6F1AA}.Release|Any CPU.Build.0 = Release|Any CPU
	EndGlobalSection
	GlobalSection(SolutionProperties) = preSolution
		HideSolutionNode = FALSE
	EndGlobalSection
	GlobalSection(ExtensibilityGlobals) = postSolution
		SolutionGuid = {BBA35199-B9D7-4951-A15C-1E201A3CD8F2}
	EndGlobalSection
EndGlobal
